
Microsoft Visual Studio Solution File, Format Version 12.00
# Visual Studio Version 17
VisualStudioVersion = 17.1.32210.238
MinimumVisualStudioVersion = 10.0.40219.1
Project("{9A19103F-16F7-4668-BE54-9A1E7A4F7556}") = "donguler_for_loop", "donguler_for_loop.csproj", "{CF9E827C-FCB5-43E9-B60E-5C28C27F03D1}"
EndProject
Global
	GlobalSection(SolutionConfigurationPlatforms) = preSolution
		Debug|Any CPU = Debug|Any CPU
		Release|Any CPU = Release|Any CPU
	EndGlobalSection
	GlobalSection(ProjectConfigurationPlatforms) = postSolution
		{CF9E827C-FCB5-43E9-B60E-5C28C27F03D1}.Debug|Any CPU.ActiveCfg = Debug|Any CPU
		{CF9E827C-FCB5-43E9-B60E-5C28C27F03D1}.Debug|Any CPU.Build.0 = Debug|Any CPU
		{CF9E827C-FCB5-43E9-B60E-5C28C27F03D1}.Release|Any CPU.ActiveCfg = Release|Any CPU
		{CF9E827C-FCB5-43E9-B60E-5C28C27F03D1}.Release|Any CPU.Build.0 = Release|Any CPU
	EndGlobalSection
	GlobalSection(SolutionProperties) = preSolution
		HideSolutionNode = FALSE
	EndGlobalSection
	GlobalSection(ExtensibilityGlobals) = postSolution
		SolutionGuid = {37AF8AA9-FCB9-488D-A5AB-0B515F6995C6}
	EndGlobalSection
EndGlobal
